// !$*UTF8*$!
{
	archiveVersion = 1;
	classes = {
	};
	objectVersion = 56;
	objects = {

/* Begin PBXBuildFile section */
		675DAA932BC0FEDF008BC5C3 /* FastMenuApp.swift in Sources */ = {isa = PBXBuildFile; fileRef = 675DAA922BC0FEDF008BC5C3 /* FastMenuApp.swift */; };
		675DAA952BC0FEDF008BC5C3 /* MenuView.swift in Sources */ = {isa = PBXBuildFile; fileRef = 675DAA942BC0FEDF008BC5C3 /* MenuView.swift */; };
		675DAA972BC0FEDF008BC5C3 /* Assets.xcassets in Resources */ = {isa = PBXBuildFile; fileRef = 675DAA962BC0FEDF008BC5C3 /* Assets.xcassets */; };
		675DAA9A2BC0FEDF008BC5C3 /* Preview Assets.xcassets in Resources */ = {isa = PBXBuildFile; fileRef = 675DAA992BC0FEDF008BC5C3 /* Preview Assets.xcassets */; };
		675DAAA12BC0FF5B008BC5C3 /* MenuItem.swift in Sources */ = {isa = PBXBuildFile; fileRef = 675DAAA02BC0FF5B008BC5C3 /* MenuItem.swift */; };
		675DAAA42BC10971008BC5C3 /* URLImage in Frameworks */ = {isa = PBXBuildFile; productRef = 675DAAA32BC10971008BC5C3 /* URLImage */; };
		675DAAA62BC10971008BC5C3 /* URLImageStore in Frameworks */ = {isa = PBXBuildFile; productRef = 675DAAA52BC10971008BC5C3 /* URLImageStore */; };
		675DAAA82BC10C03008BC5C3 /* MenuViewModel.swift in Sources */ = {isa = PBXBuildFile; fileRef = 675DAAA72BC10C03008BC5C3 /* MenuViewModel.swift */; };
		67C099392BC5F58A00888450 /* LocationService.swift in Sources */ = {isa = PBXBuildFile; fileRef = 67C099382BC5F58A00888450 /* LocationService.swift */; };
/* End PBXBuildFile section */

/* Begin PBXFileReference section */
		675DAA8F2BC0FEDF008BC5C3 /* FastMenu.app */ = {isa = PBXFileReference; explicitFileType = wrapper.application; includeInIndex = 0; path = FastMenu.app; sourceTree = BUILT_PRODUCTS_DIR; };
		675DAA922BC0FEDF008BC5C3 /* FastMenuApp.swift */ = {isa = PBXFileReference; lastKnownFileType = sourcecode.swift; path = FastMenuApp.swift; sourceTree = "<group>"; };
		675DAA942BC0FEDF008BC5C3 /* MenuView.swift */ = {isa = PBXFileReference; lastKnownFileType = sourcecode.swift; path = MenuView.swift; sourceTree = "<group>"; };
		675DAA962BC0FEDF008BC5C3 /* Assets.xcassets */ = {isa = PBXFileReference; lastKnownFileType = folder.assetcatalog; path = Assets.xcassets; sourceTree = "<group>"; };
		675DAA992BC0FEDF008BC5C3 /* Preview Assets.xcassets */ = {isa = PBXFileReference; lastKnownFileType = folder.assetcatalog; path = "Preview Assets.xcassets"; sourceTree = "<group>"; };
		675DAAA02BC0FF5B008BC5C3 /* MenuItem.swift */ = {isa = PBXFileReference; lastKnownFileType = sourcecode.swift; path = MenuItem.swift; sourceTree = "<group>"; };
		675DAAA72BC10C03008BC5C3 /* MenuViewModel.swift */ = {isa = PBXFileReference; lastKnownFileType = sourcecode.swift; path = MenuViewModel.swift; sourceTree = "<group>"; };
		67C099382BC5F58A00888450 /* LocationService.swift */ = {isa = PBXFileReference; lastKnownFileType = sourcecode.swift; path = LocationService.swift; sourceTree = "<group>"; };
		67C0993A2BC6328B00888450 /* Info.plist */ = {isa = PBXFileReference; lastKnownFileType = text.plist; path = Info.plist; sourceTree = "<group>"; };
/* End PBXFileReference section */

/* Begin PBXFrameworksBuildPhase section */
		675DAA8C2BC0FEDF008BC5C3 /* Frameworks */ = {
			isa = PBXFrameworksBuildPhase;
			buildActionMask = 2147483647;
			files = (
				675DAAA62BC10971008BC5C3 /* URLImageStore in Frameworks */,
				675DAAA42BC10971008BC5C3 /* URLImage in Frameworks */,
			);
			runOnlyForDeploymentPostprocessing = 0;
		};
/* End PBXFrameworksBuildPhase section */

/* Begin PBXGroup section */
		675DAA862BC0FEDF008BC5C3 = {
			isa = PBXGroup;
			children = (
				675DAA912BC0FEDF008BC5C3 /* FastMenu */,
				675DAA902BC0FEDF008BC5C3 /* Products */,
			);
			sourceTree = "<group>";
		};
		675DAA902BC0FEDF008BC5C3 /* Products */ = {
			isa = PBXGroup;
			children = (
				675DAA8F2BC0FEDF008BC5C3 /* FastMenu.app */,
			);
			name = Products;
			sourceTree = "<group>";
		};
		675DAA912BC0FEDF008BC5C3 /* FastMenu */ = {
			isa = PBXGroup;
			children = (
				67C0993A2BC6328B00888450 /* Info.plist */,
				675DAA922BC0FEDF008BC5C3 /* FastMenuApp.swift */,
				675DAAA02BC0FF5B008BC5C3 /* MenuItem.swift */,
				675DAAA72BC10C03008BC5C3 /* MenuViewModel.swift */,
				67C099382BC5F58A00888450 /* LocationService.swift */,
				675DAA942BC0FEDF008BC5C3 /* MenuView.swift */,
				675DAA962BC0FEDF008BC5C3 /* Assets.xcassets */,
				675DAA982BC0FEDF008BC5C3 /* Preview Content */,
			);
			path = FastMenu;
			sourceTree = "<group>";
		};
		675DAA982BC0FEDF008BC5C3 /* Preview Content */ = {
			isa = PBXGroup;
			children = (
				675DAA992BC0FEDF008BC5C3 /* Preview Assets.xcassets */,
			);
			path = "Preview Content";
			sourceTree = "<group>";
		};
/* End PBXGroup section */

/* Begin PBXNativeTarget section */
		675DAA8E2BC0FEDF008BC5C3 /* FastMenu */ = {
			isa = PBXNativeTarget;
			buildConfigurationList = 675DAA9D2BC0FEE0008BC5C3 /* Build configuration list for PBXNativeTarget "FastMenu" */;
			buildPhases = (
				675DAA8B2BC0FEDF008BC5C3 /* Sources */,
				675DAA8C2BC0FEDF008BC5C3 /* Frameworks */,
				675DAA8D2BC0FEDF008BC5C3 /* Resources */,
			);
			buildRules = (
			);
			dependencies = (
			);
			name = FastMenu;
			packageProductDependencies = (
				675DAAA32BC10971008BC5C3 /* URLImage */,
				675DAAA52BC10971008BC5C3 /* URLImageStore */,
			);
			productName = FastMenu;
			productReference = 675DAA8F2BC0FEDF008BC5C3 /* FastMenu.app */;
			productType = "com.apple.product-type.application";
		};
/* End PBXNativeTarget section */

/* Begin PBXProject section */
		675DAA872BC0FEDF008BC5C3 /* Project object */ = {
			isa = PBXProject;
			attributes = {
				BuildIndependentTargetsInParallel = 1;
				LastSwiftUpdateCheck = 1530;
				LastUpgradeCheck = 1530;
				TargetAttributes = {
					675DAA8E2BC0FEDF008BC5C3 = {
						CreatedOnToolsVersion = 15.3;
					};
				};
			};
			buildConfigurationList = 675DAA8A2BC0FEDF008BC5C3 /* Build configuration list for PBXProject "FastMenu" */;
			compatibilityVersion = "Xcode 14.0";
			developmentRegion = en;
			hasScannedForEncodings = 0;
			knownRegions = (
				en,
				Base,
			);
			mainGroup = 675DAA862BC0FEDF008BC5C3;
			packageReferences = (
				675DAAA22BC10971008BC5C3 /* XCRemoteSwiftPackageReference "url-image" */,
			);
			productRefGroup = 675DAA902BC0FEDF008BC5C3 /* Products */;
			projectDirPath = "";
			projectRoot = "";
			targets = (
				675DAA8E2BC0FEDF008BC5C3 /* FastMenu */,
			);
		};
/* End PBXProject section */

/* Begin PBXResourcesBuildPhase section */
		675DAA8D2BC0FEDF008BC5C3 /* Resources */ = {
			isa = PBXResourcesBuildPhase;
			buildActionMask = 2147483647;
			files = (
				675DAA9A2BC0FEDF008BC5C3 /* Preview Assets.xcassets in Resources */,
				675DAA972BC0FEDF008BC5C3 /* Assets.xcassets in Resources */,
			);
			runOnlyForDeploymentPostprocessing = 0;
		};
/* End PBXResourcesBuildPhase section */

/* Begin PBXSourcesBuildPhase section */
		675DAA8B2BC0FEDF008BC5C3 /* Sources */ = {
			isa = PBXSourcesBuildPhase;
			buildActionMask = 2147483647;
			files = (
				675DAAA12BC0FF5B008BC5C3 /* MenuItem.swift in Sources */,
				675DAA952BC0FEDF008BC5C3 /* MenuView.swift in Sources */,
				67C099392BC5F58A00888450 /* LocationService.swift in Sources */,
				675DAA932BC0FEDF008BC5C3 /* FastMenuApp.swift in Sources */,
				675DAAA82BC10C03008BC5C3 /* MenuViewModel.swift in Sources */,
			);
			runOnlyForDeploymentPostprocessing = 0;
		};
/* End PBXSourcesBuildPhase section */

/* Begin XCBuildConfiguration section */
		675DAA9B2BC0FEDF008BC5C3 /* Debug */ = {
			isa = XCBuildConfiguration;
			buildSettings = {
				ALWAYS_SEARCH_USER_PATHS = NO;
				ASSETCATALOG_COMPILER_GENERATE_SWIFT_ASSET_SYMBOL_EXTENSIONS = YES;
				CLANG_ANALYZER_NONNULL = YES;
				CLANG_ANALYZER_NUMBER_OBJECT_CONVERSION = YES_AGGRESSIVE;
				CLANG_CXX_LANGUAGE_STANDARD = "gnu++20";
				CLANG_ENABLE_MODULES = YES;
				CLANG_ENABLE_OBJC_ARC = YES;
				CLANG_ENABLE_OBJC_WEAK = YES;
				CLANG_WARN_BLOCK_CAPTURE_AUTORELEASING = YES;
				CLANG_WARN_BOOL_CONVERSION = YES;
				CLANG_WARN_COMMA = YES;
				CLANG_WARN_CONSTANT_CONVERSION = YES;
				CLANG_WARN_DEPRECATED_OBJC_IMPLEMENTATIONS = YES;
				CLANG_WARN_DIRECT_OBJC_ISA_USAGE = YES_ERROR;
				CLANG_WARN_DOCUMENTATION_COMMENTS = YES;
				CLANG_WARN_EMPTY_BODY = YES;
				CLANG_WARN_ENUM_CONVERSION = YES;
				CLANG_WARN_INFINITE_RECURSION = YES;
				CLANG_WARN_INT_CONVERSION = YES;
				CLANG_WARN_NON_LITERAL_NULL_CONVERSION = YES;
				CLANG_WARN_OBJC_IMPLICIT_RETAIN_SELF = YES;
				CLANG_WARN_OBJC_LITERAL_CONVERSION = YES;
				CLANG_WARN_OBJC_ROOT_CLASS = YES_ERROR;
				CLANG_WARN_QUOTED_INCLUDE_IN_FRAMEWORK_HEADER = YES;
				CLANG_WARN_RANGE_LOOP_ANALYSIS = YES;
				CLANG_WARN_STRICT_PROTOTYPES = YES;
				CLANG_WARN_SUSPICIOUS_MOVE = YES;
				CLANG_WARN_UNGUARDED_AVAILABILITY = YES_AGGRESSIVE;
				CLANG_WARN_UNREACHABLE_CODE = YES;
				CLANG_WARN__DUPLICATE_METHOD_MATCH = YES;
				COPY_PHASE_STRIP = NO;
				DEBUG_INFORMATION_FORMAT = dwarf;
				ENABLE_STRICT_OBJC_MSGSEND = YES;
				ENABLE_TESTABILITY = YES;
				ENABLE_USER_SCRIPT_SANDBOXING = YES;
				GCC_C_LANGUAGE_STANDARD = gnu17;
				GCC_DYNAMIC_NO_PIC = NO;
				GCC_NO_COMMON_BLOCKS = YES;
				GCC_OPTIMIZATION_LEVEL = 0;
				GCC_PREPROCESSOR_DEFINITIONS = (
					"DEBUG=1",
					"$(inherited)",
				);
				GCC_WARN_64_TO_32_BIT_CONVERSION = YES;
				GCC_WARN_ABOUT_RETURN_TYPE = YES_ERROR;
				GCC_WARN_UNDECLARED_SELECTOR = YES;
				GCC_WARN_UNINITIALIZED_AUTOS = YES_AGGRESSIVE;
				GCC_WARN_UNUSED_FUNCTION = YES;
				GCC_WARN_UNUSED_VARIABLE = YES;
				IPHONEOS_DEPLOYMENT_TARGET = 17.4;
				LOCALIZATION_PREFERS_STRING_CATALOGS = YES;
				MTL_ENABLE_DEBUG_INFO = INCLUDE_SOURCE;
				MTL_FAST_MATH = YES;
				ONLY_ACTIVE_ARCH = YES;
				SDKROOT = iphoneos;
				SWIFT_ACTIVE_COMPILATION_CONDITIONS = "DEBUG $(inherited)";
				SWIFT_OPTIMIZATION_LEVEL = "-Onone";
			};
			name = Debug;
		};
		675DAA9C2BC0FEDF008BC5C3 /* Release */ = {
			isa = XCBuildConfiguration;
			buildSettings = {
				ALWAYS_SEARCH_USER_PATHS = NO;
				ASSETCATALOG_COMPILER_GENERATE_SWIFT_ASSET_SYMBOL_EXTENSIONS = YES;
				CLANG_ANALYZER_NONNULL = YES;
				CLANG_ANALYZER_NUMBER_OBJECT_CONVERSION = YES_AGGRESSIVE;
				CLANG_CXX_LANGUAGE_STANDARD = "gnu++20";
				CLANG_ENABLE_MODULES = YES;
				CLANG_ENABLE_OBJC_ARC = YES;
				CLANG_ENABLE_OBJC_WEAK = YES;
				CLANG_WARN_BLOCK_CAPTURE_AUTORELEASING = YES;
				CLANG_WARN_BOOL_CONVERSION = YES;
				CLANG_WARN_COMMA = YES;
				CLANG_WARN_CONSTANT_CONVERSION = YES;
				CLANG_WARN_DEPRECATED_OBJC_IMPLEMENTATIONS = YES;
				CLANG_WARN_DIRECT_OBJC_ISA_USAGE = YES_ERROR;
				CLANG_WARN_DOCUMENTATION_COMMENTS = YES;
				CLANG_WARN_EMPTY_BODY = YES;
				CLANG_WARN_ENUM_CONVERSION = YES;
				CLANG_WARN_INFINITE_RECURSION = YES;
				CLANG_WARN_INT_CONVERSION = YES;
				CLANG_WARN_NON_LITERAL_NULL_CONVERSION = YES;
				CLANG_WARN_OBJC_IMPLICIT_RETAIN_SELF = YES;
				CLANG_WARN_OBJC_LITERAL_CONVERSION = YES;
				CLANG_WARN_OBJC_ROOT_CLASS = YES_ERROR;
				CLANG_WARN_QUOTED_INCLUDE_IN_FRAMEWORK_HEADER = YES;
				CLANG_WARN_RANGE_LOOP_ANALYSIS = YES;
				CLANG_WARN_STRICT_PROTOTYPES = YES;
				CLANG_WARN_SUSPICIOUS_MOVE = YES;
				CLANG_WARN_UNGUARDED_AVAILABILITY = YES_AGGRESSIVE;
				CLANG_WARN_UNREACHABLE_CODE = YES;
				CLANG_WARN__DUPLICATE_METHOD_MATCH = YES;
				COPY_PHASE_STRIP = NO;
				DEBUG_INFORMATION_FORMAT = "dwarf-with-dsym";
				ENABLE_NS_ASSERTIONS = NO;
				ENABLE_STRICT_OBJC_MSGSEND = YES;
				ENABLE_USER_SCRIPT_SANDBOXING = YES;
				GCC_C_LANGUAGE_STANDARD = gnu17;
				GCC_NO_COMMON_BLOCKS = YES;
				GCC_WARN_64_TO_32_BIT_CONVERSION = YES;
				GCC_WARN_ABOUT_RETURN_TYPE = YES_ERROR;
				GCC_WARN_UNDECLARED_SELECTOR = YES;
				GCC_WARN_UNINITIALIZED_AUTOS = YES_AGGRESSIVE;
				GCC_WARN_UNUSED_FUNCTION = YES;
				GCC_WARN_UNUSED_VARIABLE = YES;
				IPHONEOS_DEPLOYMENT_TARGET = 17.4;
				LOCALIZATION_PREFERS_STRING_CATALOGS = YES;
				MTL_ENABLE_DEBUG_INFO = NO;
				MTL_FAST_MATH = YES;
				SDKROOT = iphoneos;
				SWIFT_COMPILATION_MODE = wholemodule;
				VALIDATE_PRODUCT = YES;
			};
			name = Release;
		};
		675DAA9E2BC0FEE0008BC5C3 /* Debug */ = {
			isa = XCBuildConfiguration;
			buildSettings = {
				ASSETCATALOG_COMPILER_APPICON_NAME = AppIcon;
				ASSETCATALOG_COMPILER_GLOBAL_ACCENT_COLOR_NAME = AccentColor;
				CODE_SIGN_STYLE = Automatic;
				CURRENT_PROJECT_VERSION = 1;
				DEVELOPMENT_ASSET_PATHS = "\"FastMenu/Preview Content\"";
				ENABLE_PREVIEWS = YES;
				GENERATE_INFOPLIST_FILE = YES;
				INFOPLIST_FILE = FastMenu/Info.plist;
				INFOPLIST_KEY_LSApplicationCategoryType = "";
				INFOPLIST_KEY_NSLocationWhenInUseUsageDescription = test;
				INFOPLIST_KEY_UIApplicationSceneManifest_Generation = YES;
				INFOPLIST_KEY_UIApplicationSupportsIndirectInputEvents = YES;
				INFOPLIST_KEY_UILaunchScreen_Generation = YES;
				INFOPLIST_KEY_UISupportedInterfaceOrientations_iPad = "UIInterfaceOrientationPortrait UIInterfaceOrientationPortraitUpsideDown UIInterfaceOrientationLandscapeLeft UIInterfaceOrientationLandscapeRight";
				INFOPLIST_KEY_UISupportedInterfaceOrientations_iPhone = "UIInterfaceOrientationPortrait UIInterfaceOrientationLandscapeLeft UIInterfaceOrientationLandscapeRight";
				LD_RUNPATH_SEARCH_PATHS = (
					"$(inherited)",
					"@executable_path/Frameworks",
				);
				MARKETING_VERSION = 1.0;
				NSLocationAlwaysUsageDescription = test;
				NSLocationWhenInUseUsageDescription = test;
				PRODUCT_BUNDLE_IDENTIFIER = com.blenz.FastMenu;
				PRODUCT_NAME = "$(TARGET_NAME)";
				SWIFT_EMIT_LOC_STRINGS = YES;
				SWIFT_VERSION = 5.0;
				TARGETED_DEVICE_FAMILY = "1,2";
			};
			name = Debug;
		};
		675DAA9F2BC0FEE0008BC5C3 /* Release */ = {
			isa = XCBuildConfiguration;
			buildSettings = {
				ASSETCATALOG_COMPILER_APPICON_NAME = AppIcon;
				ASSETCATALOG_COMPILER_GLOBAL_ACCENT_COLOR_NAME = AccentColor;
				CODE_SIGN_STYLE = Automatic;
				CURRENT_PROJECT_VERSION = 1;
				DEVELOPMENT_ASSET_PATHS = "\"FastMenu/Preview Content\"";
				ENABLE_PREVIEWS = YES;
				GENERATE_INFOPLIST_FILE = YES;
				INFOPLIST_FILE = FastMenu/Info.plist;
				INFOPLIST_KEY_LSApplicationCategoryType = "";
				INFOPLIST_KEY_NSLocationWhenInUseUsageDescription = test;
				INFOPLIST_KEY_UIApplicationSceneManifest_Generation = YES;
				INFOPLIST_KEY_UIApplicationSupportsIndirectInputEvents = YES;
				INFOPLIST_KEY_UILaunchScreen_Generation = YES;
				INFOPLIST_KEY_UISupportedInterfaceOrientations_iPad = "UIInterfaceOrientationPortrait UIInterfaceOrientationPortraitUpsideDown UIInterfaceOrientationLandscapeLeft UIInterfaceOrientationLandscapeRight";
				INFOPLIST_KEY_UISupportedInterfaceOrientations_iPhone = "UIInterfaceOrientationPortrait UIInterfaceOrientationLandscapeLeft UIInterfaceOrientationLandscapeRight";
				LD_RUNPATH_SEARCH_PATHS = (
					"$(inherited)",
					"@executable_path/Frameworks",
				);
				MARKETING_VERSION = 1.0;
				NSLocationAlwaysUsageDescription = test;
				NSLocationWhenInUseUsageDescription = test;
				PRODUCT_BUNDLE_IDENTIFIER = com.blenz.FastMenu;
				PRODUCT_NAME = "$(TARGET_NAME)";
				SWIFT_EMIT_LOC_STRINGS = YES;
				SWIFT_VERSION = 5.0;
				TARGETED_DEVICE_FAMILY = "1,2";
			};
			name = Release;
		};
/* End XCBuildConfiguration section */

/* Begin XCConfigurationList section */
		675DAA8A2BC0FEDF008BC5C3 /* Build configuration list for PBXProject "FastMenu" */ = {
			isa = XCConfigurationList;
			buildConfigurations = (
				675DAA9B2BC0FEDF008BC5C3 /* Debug */,
				675DAA9C2BC0FEDF008BC5C3 /* Release */,
			);
			defaultConfigurationIsVisible = 0;
			defaultConfigurationName = Release;
		};
		675DAA9D2BC0FEE0008BC5C3 /* Build configuration list for PBXNativeTarget "FastMenu" */ = {
			isa = XCConfigurationList;
			buildConfigurations = (
				675DAA9E2BC0FEE0008BC5C3 /* Debug */,
				675DAA9F2BC0FEE0008BC5C3 /* Release */,
			);
			defaultConfigurationIsVisible = 0;
			defaultConfigurationName = Release;
		};
/* End XCConfigurationList section */

/* Begin XCRemoteSwiftPackageReference section */
		675DAAA22BC10971008BC5C3 /* XCRemoteSwiftPackageReference "url-image" */ = {
			isa = XCRemoteSwiftPackageReference;
			repositoryURL = "https://github.com/dmytro-anokhin/url-image";
			requirement = {
				kind = upToNextMajorVersion;
				minimumVersion = 3.1.1;
			};
		};
/* End XCRemoteSwiftPackageReference section */

/* Begin XCSwiftPackageProductDependency section */
		675DAAA32BC10971008BC5C3 /* URLImage */ = {
			isa = XCSwiftPackageProductDependency;
			package = 675DAAA22BC10971008BC5C3 /* XCRemoteSwiftPackageReference "url-image" */;
			productName = URLImage;
		};
		675DAAA52BC10971008BC5C3 /* URLImageStore */ = {
			isa = XCSwiftPackageProductDependency;
			package = 675DAAA22BC10971008BC5C3 /* XCRemoteSwiftPackageReference "url-image" */;
			productName = URLImageStore;
		};
/* End XCSwiftPackageProductDependency section */
	};
	rootObject = 675DAA872BC0FEDF008BC5C3 /* Project object */;
}
